PODS:
  - Flutter (1.0.0)
  - flutter_file_dialog (0.0.1):
    - Flutter
  - flutter_foreground_task (0.0.1):
    - Flutter
  - ObjectBox (5.1.1)
  - objectbox_flutter_libs (0.0.1):
    - Flutter
    - ObjectBox (= 5.1.1)

DEPENDENCIES:
  - Flutter (from `Flutter`)
  - flutter_file_dialog (from `.symlinks/plugins/flutter_file_dialog/ios`)
  - flutter_foreground_task (from `.symlinks/plugins/flutter_foreground_task/ios`)
  - objectbox_flutter_libs (from `.symlinks/plugins/objectbox_flutter_libs/ios`)

SPEC REPOS:
  trunk:
    - ObjectBox

EXTERNAL SOURCES:
  Flutter:
    :path: Flutter
  flutter_file_dialog:
    :path: ".symlinks/plugins/flutter_file_dialog/ios"
  flutter_foreground_task:
    :path: ".symlinks/plugins/flutter_foreground_task/ios"
  objectbox_flutter_libs:
    :path: ".symlinks/plugins/objectbox_flutter_libs/ios"

SPEC CHECKSUMS:
  Flutter: cabc95a1d2626b1b06e7179b784ebcf0c0cde467
  flutter_file_dialog: ca8d7fbd1772d4f0c2777b4ab20a7787ef4e7dd8
  flutter_foreground_task: a159d2c2173b33699ddb3e6c2a067045d7cebb89
  ObjectBox: 26871f7cce80a8bd2e610bf944aeaded730f6925
  objectbox_flutter_libs: 28e7bd5ae78e831f141679c8a6e31632453b959f

PODFILE CHECKSUM: f2095d9946016fd9e5adc1075579dbb37c2bbacc

COCOAPODS: 1.16.2
